
Microsoft Visual Studio Solution File, Format Version 12.00
# Visual Studio 15
VisualStudioVersion = 15.0.26730.16
MinimumVisualStudioVersion = 10.0.40219.1
Project("{2150E333-8FDC-42A3-9474-1A3956D46DE8}") = "src", "src", "{803A9995-3A61-43B5-95AB-F12C4EB4B812}"
EndProject
Project("{9A19103F-16F7-4668-BE54-9A1E7A4F7556}") = "System.ComponentModel.Design.Serialization", "src\System.ComponentModel.Design.Serialization\System.ComponentModel.Design.Serialization.csproj", "{C4B589E0-97AD-40AD-A802-22B889DD5362}"
EndProject
Project("{9A19103F-16F7-4668-BE54-9A1E7A4F7556}") = "System.Workflow.ComponentModel.Serialization", "src\System.Workflow.ComponentModel.Serialization\System.Workflow.ComponentModel.Serialization.csproj", "{64731CE3-5F85-4167-A53D-6851F940A81F}"
EndProject
Project("{9A19103F-16F7-4668-BE54-9A1E7A4F7556}") = "System.Workflow.Activities.Rules", "src\System.Workflow.Activities.Rules\System.Workflow.Activities.Rules.csproj", "{8B90CED0-F19B-4499-89E6-6B642F3DC93B}"
EndProject
Project("{FAE04EC0-301F-11D3-BF4B-00C04F79EFBC}") = "System.Workflow.Activities.Rules.Design", "src\System.Workflow.Activities.Rules.Design\System.Workflow.Activities.Rules.Design.csproj", "{E0AFA219-AE51-449A-A198-38DCC67CE6F6}"
EndProject
Project("{9A19103F-16F7-4668-BE54-9A1E7A4F7556}") = "SampleFlow", "src\SampleFlow\SampleFlow.csproj", "{6F5911D0-8C87-4F4F-B939-B341BD567EA6}"
EndProject
Project("{2150E333-8FDC-42A3-9474-1A3956D46DE8}") = "tests", "tests", "{060D3FBF-F003-4D95-8A4D-CC6CFE0BB6A3}"
EndProject
Project("{9A19103F-16F7-4668-BE54-9A1E7A4F7556}") = "UnitTests.NetCore", "tests\UnitTests.NetCore\UnitTests.NetCore.csproj", "{14561E7A-B0F2-4346-AF26-C997836BBAC4}"
EndProject
Project("{9A19103F-16F7-4668-BE54-9A1E7A4F7556}") = "UnitTests.NetFramework", "tests\UnitTests.NetFramework\UnitTests.NetFramework.csproj", "{F1A6007B-AE77-4323-8ECA-CE98EC395C47}"
EndProject
Project("{FAE04EC0-301F-11D3-BF4B-00C04F79EFBC}") = "RuleSetToolkit", "src\RuleSetToolkit\RuleSetToolkit.csproj", "{D048D6AF-5E29-45B6-95C6-931F6C7955F9}"
EndProject
Project("{FAE04EC0-301F-11D3-BF4B-00C04F79EFBC}") = "Console.NetFramework.DefineAndSerialize", "src\Console.NetFramework.DefineAndSerialize\Console.NetFramework.DefineAndSerialize.csproj", "{EA04CD83-7EC0-4F78-9511-7ACEC08AA5C3}"
EndProject
Project("{FAE04EC0-301F-11D3-BF4B-00C04F79EFBC}") = "Console.NetCore.DefineAndSerialize", "src\Console.NetCore.DefineAndSerialize\Console.NetCore.DefineAndSerialize.csproj", "{1ABEDFEB-0120-4B77-909B-10E3561A359C}"
EndProject
Global
	GlobalSection(SolutionConfigurationPlatforms) = preSolution
		Debug|Any CPU = Debug|Any CPU
		Release|Any CPU = Release|Any CPU
	EndGlobalSection
	GlobalSection(ProjectConfigurationPlatforms) = postSolution
		{C4B589E0-97AD-40AD-A802-22B889DD5362}.Debug|Any CPU.ActiveCfg = Debug|Any CPU
		{C4B589E0-97AD-40AD-A802-22B889DD5362}.Debug|Any CPU.Build.0 = Debug|Any CPU
		{C4B589E0-97AD-40AD-A802-22B889DD5362}.Release|Any CPU.ActiveCfg = Release|Any CPU
		{C4B589E0-97AD-40AD-A802-22B889DD5362}.Release|Any CPU.Build.0 = Release|Any CPU
		{64731CE3-5F85-4167-A53D-6851F940A81F}.Debug|Any CPU.ActiveCfg = Debug|Any CPU
		{64731CE3-5F85-4167-A53D-6851F940A81F}.Debug|Any CPU.Build.0 = Debug|Any CPU
		{64731CE3-5F85-4167-A53D-6851F940A81F}.Release|Any CPU.ActiveCfg = Release|Any CPU
		{64731CE3-5F85-4167-A53D-6851F940A81F}.Release|Any CPU.Build.0 = Release|Any CPU
		{8B90CED0-F19B-4499-89E6-6B642F3DC93B}.Debug|Any CPU.ActiveCfg = Debug|Any CPU
		{8B90CED0-F19B-4499-89E6-6B642F3DC93B}.Debug|Any CPU.Build.0 = Debug|Any CPU
		{8B90CED0-F19B-4499-89E6-6B642F3DC93B}.Release|Any CPU.ActiveCfg = Release|Any CPU
		{8B90CED0-F19B-4499-89E6-6B642F3DC93B}.Release|Any CPU.Build.0 = Release|Any CPU
		{E0AFA219-AE51-449A-A198-38DCC67CE6F6}.Debug|Any CPU.ActiveCfg = Debug|Any CPU
		{E0AFA219-AE51-449A-A198-38DCC67CE6F6}.Debug|Any CPU.Build.0 = Debug|Any CPU
		{E0AFA219-AE51-449A-A198-38DCC67CE6F6}.Release|Any CPU.ActiveCfg = Release|Any CPU
		{E0AFA219-AE51-449A-A198-38DCC67CE6F6}.Release|Any CPU.Build.0 = Release|Any CPU
		{6F5911D0-8C87-4F4F-B939-B341BD567EA6}.Debug|Any CPU.ActiveCfg = Debug|Any CPU
		{6F5911D0-8C87-4F4F-B939-B341BD567EA6}.Debug|Any CPU.Build.0 = Debug|Any CPU
		{6F5911D0-8C87-4F4F-B939-B341BD567EA6}.Release|Any CPU.ActiveCfg = Release|Any CPU
		{6F5911D0-8C87-4F4F-B939-B341BD567EA6}.Release|Any CPU.Build.0 = Release|Any CPU
		{14561E7A-B0F2-4346-AF26-C997836BBAC4}.Debug|Any CPU.ActiveCfg = Debug|Any CPU
		{14561E7A-B0F2-4346-AF26-C997836BBAC4}.Debug|Any CPU.Build.0 = Debug|Any CPU
		{14561E7A-B0F2-4346-AF26-C997836BBAC4}.Release|Any CPU.ActiveCfg = Release|Any CPU
		{14561E7A-B0F2-4346-AF26-C997836BBAC4}.Release|Any CPU.Build.0 = Release|Any CPU
		{F1A6007B-AE77-4323-8ECA-CE98EC395C47}.Debug|Any CPU.ActiveCfg = Debug|Any CPU
		{F1A6007B-AE77-4323-8ECA-CE98EC395C47}.Debug|Any CPU.Build.0 = Debug|Any CPU
		{F1A6007B-AE77-4323-8ECA-CE98EC395C47}.Release|Any CPU.ActiveCfg = Release|Any CPU
		{F1A6007B-AE77-4323-8ECA-CE98EC395C47}.Release|Any CPU.Build.0 = Release|Any CPU
		{D048D6AF-5E29-45B6-95C6-931F6C7955F9}.Debug|Any CPU.ActiveCfg = Debug|Any CPU
		{D048D6AF-5E29-45B6-95C6-931F6C7955F9}.Debug|Any CPU.Build.0 = Debug|Any CPU
		{D048D6AF-5E29-45B6-95C6-931F6C7955F9}.Release|Any CPU.ActiveCfg = Release|Any CPU
		{D048D6AF-5E29-45B6-95C6-931F6C7955F9}.Release|Any CPU.Build.0 = Release|Any CPU
		{EA04CD83-7EC0-4F78-9511-7ACEC08AA5C3}.Debug|Any CPU.ActiveCfg = Debug|Any CPU
		{EA04CD83-7EC0-4F78-9511-7ACEC08AA5C3}.Debug|Any CPU.Build.0 = Debug|Any CPU
		{EA04CD83-7EC0-4F78-9511-7ACEC08AA5C3}.Release|Any CPU.ActiveCfg = Release|Any CPU
		{EA04CD83-7EC0-4F78-9511-7ACEC08AA5C3}.Release|Any CPU.Build.0 = Release|Any CPU
		{1ABEDFEB-0120-4B77-909B-10E3561A359C}.Debug|Any CPU.ActiveCfg = Debug|Any CPU
		{1ABEDFEB-0120-4B77-909B-10E3561A359C}.Debug|Any CPU.Build.0 = Debug|Any CPU
		{1ABEDFEB-0120-4B77-909B-10E3561A359C}.Release|Any CPU.ActiveCfg = Release|Any CPU
		{1ABEDFEB-0120-4B77-909B-10E3561A359C}.Release|Any CPU.Build.0 = Release|Any CPU
	EndGlobalSection
	GlobalSection(SolutionProperties) = preSolution
		HideSolutionNode = FALSE
	EndGlobalSection
	GlobalSection(NestedProjects) = preSolution
		{C4B589E0-97AD-40AD-A802-22B889DD5362} = {803A9995-3A61-43B5-95AB-F12C4EB4B812}
		{64731CE3-5F85-4167-A53D-6851F940A81F} = {803A9995-3A61-43B5-95AB-F12C4EB4B812}
		{8B90CED0-F19B-4499-89E6-6B642F3DC93B} = {803A9995-3A61-43B5-95AB-F12C4EB4B812}
		{E0AFA219-AE51-449A-A198-38DCC67CE6F6} = {803A9995-3A61-43B5-95AB-F12C4EB4B812}
		{6F5911D0-8C87-4F4F-B939-B341BD567EA6} = {803A9995-3A61-43B5-95AB-F12C4EB4B812}
		{14561E7A-B0F2-4346-AF26-C997836BBAC4} = {060D3FBF-F003-4D95-8A4D-CC6CFE0BB6A3}
		{F1A6007B-AE77-4323-8ECA-CE98EC395C47} = {060D3FBF-F003-4D95-8A4D-CC6CFE0BB6A3}
		{D048D6AF-5E29-45B6-95C6-931F6C7955F9} = {803A9995-3A61-43B5-95AB-F12C4EB4B812}
		{EA04CD83-7EC0-4F78-9511-7ACEC08AA5C3} = {803A9995-3A61-43B5-95AB-F12C4EB4B812}
		{1ABEDFEB-0120-4B77-909B-10E3561A359C} = {803A9995-3A61-43B5-95AB-F12C4EB4B812}
	EndGlobalSection
	GlobalSection(ExtensibilityGlobals) = postSolution
		SolutionGuid = {80BB8784-0573-4CAB-B8A5-64921071ED24}
	EndGlobalSection
EndGlobal
